
Microsoft Visual Studio Solution File, Format Version 12.00
# Visual Studio Version 16
VisualStudioVersion = 16.0.29519.87
MinimumVisualStudioVersion = 10.0.40219.1
Project("{FAE04EC0-301F-11D3-BF4B-00C04F79EFBC}") = "WebAPIDocumentationWithSwagger", "WebAPIDocumentationWithSwagger\WebAPIDocumentationWithSwagger.csproj", "{16F516B1-0881-4289-B90F-2FF82449228F}"
EndProject
Global
	GlobalSection(SolutionConfigurationPlatforms) = preSolution
		Debug|Any CPU = Debug|Any CPU
		Release|Any CPU = Release|Any CPU
	EndGlobalSection
	GlobalSection(ProjectConfigurationPlatforms) = postSolution
		{16F516B1-0881-4289-B90F-2FF82449228F}.Debug|Any CPU.ActiveCfg = Debug|Any CPU
		{16F516B1-0881-4289-B90F-2FF82449228F}.Debug|Any CPU.Build.0 = Debug|Any CPU
		{16F516B1-0881-4289-B90F-2FF82449228F}.Release|Any CPU.ActiveCfg = Release|Any CPU
		{16F516B1-0881-4289-B90F-2FF82449228F}.Release|Any CPU.Build.0 = Release|Any CPU
	EndGlobalSection
	GlobalSection(SolutionProperties) = preSolution
		HideSolutionNode = FALSE
	EndGlobalSection
	GlobalSection(ExtensibilityGlobals) = postSolution
		SolutionGuid = {8B332AA3-64A3-46E1-A83E-39070CE6D0D8}
	EndGlobalSection
EndGlobal
